
Microsoft Visual Studio Solution File, Format Version 12.00
# Visual Studio Version 17
VisualStudioVersion = 17.4.33213.308
MinimumVisualStudioVersion = 10.0.40219.1
Project("{9A19103F-16F7-4668-BE54-9A1E7A4F7556}") = "Rio", "Rio.csproj", "{13B0711E-CC9B-4C91-9316-6D30057C76EF}"
EndProject
Global
	GlobalSection(SolutionConfigurationPlatforms) = preSolution
		Debug|Any CPU = Debug|Any CPU
		Debug|ARM64 = Debug|ARM64
		Debug|x64 = Debug|x64
		Release|Any CPU = Release|Any CPU
		Release|ARM64 = Release|ARM64
		Release|x64 = Release|x64
	EndGlobalSection
	GlobalSection(ProjectConfigurationPlatforms) = postSolution
		{13B0711E-CC9B-4C91-9316-6D30057C76EF}.Debug|Any CPU.ActiveCfg = Debug|Any CPU
		{13B0711E-CC9B-4C91-9316-6D30057C76EF}.Debug|Any CPU.Build.0 = Debug|Any CPU
		{13B0711E-CC9B-4C91-9316-6D30057C76EF}.Debug|ARM64.ActiveCfg = Debug|Any CPU
		{13B0711E-CC9B-4C91-9316-6D30057C76EF}.Debug|ARM64.Build.0 = Debug|Any CPU
		{13B0711E-CC9B-4C91-9316-6D30057C76EF}.Debug|x64.ActiveCfg = Debug|Any CPU
		{13B0711E-CC9B-4C91-9316-6D30057C76EF}.Debug|x64.Build.0 = Debug|Any CPU
		{13B0711E-CC9B-4C91-9316-6D30057C76EF}.Release|Any CPU.ActiveCfg = Release|Any CPU
		{13B0711E-CC9B-4C91-9316-6D30057C76EF}.Release|Any CPU.Build.0 = Release|Any CPU
		{13B0711E-CC9B-4C91-9316-6D30057C76EF}.Release|ARM64.ActiveCfg = Release|Any CPU
		{13B0711E-CC9B-4C91-9316-6D30057C76EF}.Release|ARM64.Build.0 = Release|Any CPU
		{13B0711E-CC9B-4C91-9316-6D30057C76EF}.Release|x64.ActiveCfg = Release|Any CPU
		{13B0711E-CC9B-4C91-9316-6D30057C76EF}.Release|x64.Build.0 = Release|Any CPU
	EndGlobalSection
	GlobalSection(SolutionProperties) = preSolution
		HideSolutionNode = FALSE
	EndGlobalSection
	GlobalSection(ExtensibilityGlobals) = postSolution
		SolutionGuid = {B1CE9233-410B-4084-988C-61550AF5A178}
	EndGlobalSection
EndGlobal
